
Microsoft Visual Studio Solution File, Format Version 12.00
# Visual Studio 15
VisualStudioVersion = 15.0.27004.2009
MinimumVisualStudioVersion = 10.0.40219.1
Project("{FAE04EC0-301F-11D3-BF4B-00C04F79EFBC}") = "Beeble.Web", "Beeble.Web\Beeble.Web.csproj", "{2F2F8D30-AEAA-45BD-A489-C9DC001427F2}"
EndProject
Project("{2150E333-8FDC-42A3-9474-1A3956D46DE8}") = "Solution Items", "Solution Items", "{81C09405-6710-41D7-9914-F693FD8F5841}"
	ProjectSection(SolutionItems) = preProject
		.gitignore = .gitignore
	EndProjectSection
EndProject
Project("{FAE04EC0-301F-11D3-BF4B-00C04F79EFBC}") = "Beeble.Api", "Beeble.Api\Beeble.Api.csproj", "{A0D08310-F518-4CCD-AAA5-EEFF2F0D37E8}"
EndProject
Project("{FAE04EC0-301F-11D3-BF4B-00C04F79EFBC}") = "Beeble.Domain", "Beeble.Domain\Beeble.Domain.csproj", "{7BDEC77E-DD9E-4B57-A4B4-5F41E5CF1F3F}"
EndProject
Project("{FAE04EC0-301F-11D3-BF4B-00C04F79EFBC}") = "Beeble.Data", "Beeble.Data\Beeble.Data.csproj", "{21805E5E-9C49-469A-988E-3BCCE3197E26}"
EndProject
Global
	GlobalSection(SolutionConfigurationPlatforms) = preSolution
		Debug|Any CPU = Debug|Any CPU
		Release|Any CPU = Release|Any CPU
	EndGlobalSection
	GlobalSection(ProjectConfigurationPlatforms) = postSolution
		{2F2F8D30-AEAA-45BD-A489-C9DC001427F2}.Debug|Any CPU.ActiveCfg = Debug|Any CPU
		{2F2F8D30-AEAA-45BD-A489-C9DC001427F2}.Debug|Any CPU.Build.0 = Debug|Any CPU
		{2F2F8D30-AEAA-45BD-A489-C9DC001427F2}.Release|Any CPU.ActiveCfg = Release|Any CPU
		{2F2F8D30-AEAA-45BD-A489-C9DC001427F2}.Release|Any CPU.Build.0 = Release|Any CPU
		{A0D08310-F518-4CCD-AAA5-EEFF2F0D37E8}.Debug|Any CPU.ActiveCfg = Debug|Any CPU
		{A0D08310-F518-4CCD-AAA5-EEFF2F0D37E8}.Debug|Any CPU.Build.0 = Debug|Any CPU
		{A0D08310-F518-4CCD-AAA5-EEFF2F0D37E8}.Release|Any CPU.ActiveCfg = Release|Any CPU
		{A0D08310-F518-4CCD-AAA5-EEFF2F0D37E8}.Release|Any CPU.Build.0 = Release|Any CPU
		{7BDEC77E-DD9E-4B57-A4B4-5F41E5CF1F3F}.Debug|Any CPU.ActiveCfg = Debug|Any CPU
		{7BDEC77E-DD9E-4B57-A4B4-5F41E5CF1F3F}.Debug|Any CPU.Build.0 = Debug|Any CPU
		{7BDEC77E-DD9E-4B57-A4B4-5F41E5CF1F3F}.Release|Any CPU.ActiveCfg = Release|Any CPU
		{7BDEC77E-DD9E-4B57-A4B4-5F41E5CF1F3F}.Release|Any CPU.Build.0 = Release|Any CPU
		{21805E5E-9C49-469A-988E-3BCCE3197E26}.Debug|Any CPU.ActiveCfg = Debug|Any CPU
		{21805E5E-9C49-469A-988E-3BCCE3197E26}.Debug|Any CPU.Build.0 = Debug|Any CPU
		{21805E5E-9C49-469A-988E-3BCCE3197E26}.Release|Any CPU.ActiveCfg = Release|Any CPU
		{21805E5E-9C49-469A-988E-3BCCE3197E26}.Release|Any CPU.Build.0 = Release|Any CPU
	EndGlobalSection
	GlobalSection(SolutionProperties) = preSolution
		HideSolutionNode = FALSE
	EndGlobalSection
	GlobalSection(ExtensibilityGlobals) = postSolution
		SolutionGuid = {21C78620-E809-4943-B6CF-534907F05C34}
	EndGlobalSection
EndGlobal
